<?xml version="1.0" encoding="utf-8"?>
<Project ToolsVersion="4.0" xmlns="http://schemas.microsoft.com/developer/msbuild/2003">
  <ItemGroup>
    <Filter Include="Source Files">
      <UniqueIdentifier>{4FC737F1-C7A5-4376-A066-2A32D752A2FF}</UniqueIdentifier>
      <Extensions>cpp;c;cc;cxx;c++;cppm;ixx;def;odl;idl;hpj;bat;asm;asmx</Extensions>
    </Filter>
    <Filter Include="Header Files">
      <UniqueIdentifier>{93995380-89BD-4b04-88EB-625FBE52EBFB}</UniqueIdentifier>
      <Extensions>h;hh;hpp;hxx;h++;hm;inl;inc;ipp;xsd</Extensions>
    </Filter>
    <Filter Include="Resource Files">
      <UniqueIdentifier>{67DA6AB6-F800-4c08-8B7A-83BB121AAD01}</UniqueIdentifier>
      <Extensions>rc;ico;cur;bmp;dlg;rc2;rct;bin;rgs;gif;jpg;jpeg;jpe;resx;tiff;tif;png;wav;mfcribbon-ms</Extensions>
    </Filter>
  </ItemGroup>
  <ItemGroup>
    <ClInclude Include="src\appdata\il2cpp-api-functions.h">
      <Filter>Header Files</Filter>
    </ClInclude>
    <ClInclude Include="src\appdata\il2cpp-api-functions-ptr.h">
      <Filter>Header Files</Filter>
    </ClInclude>
    <ClInclude Include="src\appdata\il2cpp-functions.h">
      <Filter>Header Files</Filter>
    </ClInclude>
    <ClInclude Include="src\appdata\il2cpp-metadata-version.h">
      <Filter>Header Files</Filter>
    </ClInclude>
    <ClInclude Include="src\appdata\il2cpp-types.h">
      <Filter>Header Files</Filter>
    </ClInclude>
    <ClInclude Include="src\appdata\il2cpp-types-ptr.h">
      <Filter>Header Files</Filter>
    </ClInclude>
    <ClInclude Include="src\appdata\il2cpp-unityplayer-functions.h">
      <Filter>Header Files</Filter>
    </ClInclude>
    <ClInclude Include="src\framework\helpers.h">
      <Filter>Header Files</Filter>
    </ClInclude>
    <ClInclude Include="src\framework\il2cpp-appdata.h">
      <Filter>Header Files</Filter>
    </ClInclude>
    <ClInclude Include="src\framework\il2cpp-init.h">
      <Filter>Header Files</Filter>
    </ClInclude>
    <ClInclude Include="src\framework\pch-il2cpp.h">
      <Filter>Header Files</Filter>
    </ClInclude>
    <ClInclude Include="src\user\cheat\misc\sniffer\PacketSniffer.h">
      <Filter>Header Files</Filter>
    </ClInclude>
    <ClInclude Include="src\user\cheat\misc\Debug.h">
      <Filter>Header Files</Filter>
    </ClInclude>
    <ClInclude Include="src\user\cheat\misc\Hotkeys.h">
      <Filter>Header Files</Filter>
    </ClInclude>
    <ClInclude Include="src\user\cheat\misc\ProtectionBypass.h">
      <Filter>Header Files</Filter>
    </ClInclude>
    <ClInclude Include="src\user\cheat\player\GodMode.h">
      <Filter>Header Files</Filter>
    </ClInclude>
    <ClInclude Include="src\user\cheat\player\InfiniteStamina.h">
      <Filter>Header Files</Filter>
    </ClInclude>
    <ClInclude Include="src\user\cheat\player\NoCD.h">
      <Filter>Header Files</Filter>
    </ClInclude>
    <ClInclude Include="src\user\cheat\player\NoClip.h">
      <Filter>Header Files</Filter>
    </ClInclude>
    <ClInclude Include="src\user\cheat\player\RapidFire.h">
      <Filter>Header Files</Filter>
    </ClInclude>
    <ClInclude Include="src\user\cheat\teleport\ChestTeleport.h">
      <Filter>Header Files</Filter>
    </ClInclude>
    <ClInclude Include="src\user\cheat\teleport\ItemTeleportBase.h">
      <Filter>Header Files</Filter>
    </ClInclude>
    <ClInclude Include="src\user\cheat\teleport\MapTeleport.h">
      <Filter>Header Files</Filter>
    </ClInclude>
    <ClInclude Include="src\user\cheat\teleport\OculiTeleport.h">
      <Filter>Header Files</Filter>
    </ClInclude>
    <ClInclude Include="src\user\cheat\world\AutoLoot.h">
      <Filter>Header Files</Filter>
    </ClInclude>
    <ClInclude Include="src\user\cheat\world\DialogSkip.h">
      <Filter>Header Files</Filter>
    </ClInclude>
    <ClInclude Include="src\user\cheat\world\DumbEnemies.h">
      <Filter>Header Files</Filter>
    </ClInclude>
    <ClInclude Include="src\user\cheat\world\KillAura.h">
      <Filter>Header Files</Filter>
    </ClInclude>
    <ClInclude Include="src\user\cheat\world\MobVacuum.h">
      <Filter>Header Files</Filter>
    </ClInclude>
    <ClInclude Include="src\user\cheat\cheat.h">
      <Filter>Header Files</Filter>
    </ClInclude>
    <ClInclude Include="src\user\cheat\events.h">
      <Filter>Header Files</Filter>
    </ClInclude>
    <ClInclude Include="src\user\cheat\ILPatternScanner.h">
      <Filter>Header Files</Filter>
    </ClInclude>
    <ClInclude Include="src\user\cheat\native.h">
      <Filter>Header Files</Filter>
    </ClInclude>
    <ClInclude Include="src\user\main.h">
      <Filter>Header Files</Filter>
    </ClInclude>
    <ClInclude Include="res\resource.h">
      <Filter>Header Files</Filter>
    </ClInclude>
    <ClInclude Include="src\user\cheat\world\AutoTreeFarm.h">
      <Filter>Header Files</Filter>
    </ClInclude>
    <ClInclude Include="src\user\cheat\world\AutoDestroy.h">
      <Filter>Header Files</Filter>
    </ClInclude>
    <ClInclude Include="src\user\cheat\esp\ESP.h">
      <Filter>Header Files</Filter>
    </ClInclude>
    <ClInclude Include="src\user\cheat\esp\ESPItem.h">
      <Filter>Header Files</Filter>
    </ClInclude>
    <ClInclude Include="src\user\cheat\esp\ESPRender.h">
      <Filter>Header Files</Filter>
    </ClInclude>
    <ClInclude Include="src\user\cheat\game\Entity.h">
      <Filter>Header Files</Filter>
    </ClInclude>
    <ClInclude Include="src\user\cheat\game\Chest.h">
      <Filter>Header Files</Filter>
    </ClInclude>
    <ClInclude Include="src\user\cheat\game\EntityManager.h">
      <Filter>Header Files</Filter>
    </ClInclude>
    <ClInclude Include="src\user\cheat\game\CacheFilterExecutor.h">
      <Filter>Header Files</Filter>
    </ClInclude>
    <ClInclude Include="src\user\cheat\game\IEntityFilter.h">
      <Filter>Header Files</Filter>
    </ClInclude>
    <ClInclude Include="src\user\cheat\game\SimpleFilter.h">
      <Filter>Header Files</Filter>
    </ClInclude>
    <ClInclude Include="src\user\cheat\game\util.h">
      <Filter>Header Files</Filter>
    </ClInclude>
    <ClInclude Include="src\user\cheat\game\filters.h">
      <Filter>Header Files</Filter>
    </ClInclude>
    <ClInclude Include="src\user\cheat\game\ChestFilter.h">
      <Filter>Header Files</Filter>
    </ClInclude>
    <ClInclude Include="src\user\cheat\game\AdvancedFilter.h">
      <Filter>Header Files</Filter>
    </ClInclude>
    <ClInclude Include="src\user\cheat\world\ElementalSight.h">
      <Filter>Header Files</Filter>
    </ClInclude>
    <ClInclude Include="src\user\cheat\imap\InteractiveMap.h">
      <Filter>Header Files</Filter>
    </ClInclude>
    <ClInclude Include="src\user\cheat\world\AutoFish.h">
      <Filter>Header Files</Filter>
    </ClInclude>
    <ClInclude Include="src\user\cheat\GenshinCM.h">
      <Filter>Header Files</Filter>
    </ClInclude>
    <ClInclude Include="src\user\cheat\teleport\CustomTeleports.h">
      <Filter>Header Files</Filter>
    </ClInclude>
    <ClInclude Include="src\user\cheat\visuals\FPSUnlock.h">
      <Filter>Header Files</Filter>
    </ClInclude>
    <ClInclude Include="src\user\cheat\visuals\NoFog.h">
      <Filter>Header Files</Filter>
    </ClInclude>
    <ClInclude Include="src\user\cheat\visuals\CameraZoom.h">
      <Filter>Header Files</Filter>
    </ClInclude>
    <ClInclude Include="src\user\cheat\misc\sniffer\messages\MessageBase.h">
      <Filter>Header Files</Filter>
    </ClInclude>
    <ClInclude Include="src\user\cheat\misc\sniffer\messages\MessageHeader.h">
      <Filter>Header Files</Filter>
    </ClInclude>
    <ClInclude Include="src\user\cheat\misc\sniffer\messages\ModifyData.h">
      <Filter>Header Files</Filter>
    </ClInclude>
    <ClInclude Include="src\user\cheat\misc\sniffer\messages\PacketData.h">
      <Filter>Header Files</Filter>
    </ClInclude>
    <ClInclude Include="src\user\cheat\misc\sniffer\MessageManager.h">
      <Filter>Header Files</Filter>
    </ClInclude>
    <ClInclude Include="src\user\cheat\debugger.h">
      <Filter>Header Files</Filter>
    </ClInclude>
    <ClInclude Include="src\user\cheat\visuals\ShowChestIndicator.h">
      <Filter>Header Files</Filter>
    </ClInclude>
    <ClInclude Include="src\user\cheat\world\AutoCook.h">
      <Filter>Header Files</Filter>
    </ClInclude>
    <ClInclude Include="src\user\cheat\world\FakeTime.h">
      <Filter>Header Files</Filter>
    </ClInclude>
    <ClInclude Include="src\user\cheat\visuals\ProfileChanger.h">
      <Filter>Header Files</Filter>
    </ClInclude>
    <ClInclude Include="src\user\cheat\visuals\PaimonFollow.h">
      <Filter>Header Files</Filter>
    </ClInclude>
    <ClInclude Include="src\user\cheat\visuals\HideUI.h">
      <Filter>Header Files</Filter>
    </ClInclude>
    <ClInclude Include="src\user\cheat\visuals\Browser.h">
      <Filter>Header Files</Filter>
    </ClInclude>
    <ClInclude Include="src\user\cheat\world\MusicEvent.h">
      <Filter>Header Files</Filter>
    </ClInclude>
    <ClInclude Include="src\user\cheat\visuals\EnablePeaking.h">
      <Filter>Header Files</Filter>
    </ClInclude>
    <ClInclude Include="src\user\cheat\visuals\TextureChanger.h">
      <Filter>Header Files</Filter>
    </ClInclude>
    <ClInclude Include="src\user\cheat\world\AutoSeelie.h">
      <Filter>Header Files</Filter>
    </ClInclude>
  </ItemGroup>
  <ItemGroup>
    <Font Include="res\Ruda-Bold.ttf" />
    <Font Include="res\Ruda-ExtraBold.ttf" />
  </ItemGroup>
  <ItemGroup>
    <ClCompile Include="src\framework\dllmain.cpp">
      <Filter>Source Files</Filter>
    </ClCompile>
    <ClCompile Include="src\framework\helpers.cpp">
      <Filter>Source Files</Filter>
    </ClCompile>
    <ClCompile Include="src\framework\il2cpp-init.cpp">
      <Filter>Source Files</Filter>
    </ClCompile>
    <ClCompile Include="src\framework\pch-il2cpp.cpp">
      <Filter>Source Files</Filter>
    </ClCompile>
    <ClCompile Include="src\user\cheat\misc\sniffer\PacketSniffer.cpp">
      <Filter>Source Files</Filter>
    </ClCompile>
    <ClCompile Include="src\user\cheat\misc\Debug.cpp">
      <Filter>Source Files</Filter>
    </ClCompile>
    <ClCompile Include="src\user\cheat\misc\Hotkeys.cpp">
      <Filter>Source Files</Filter>
    </ClCompile>
    <ClCompile Include="src\user\cheat\misc\ProtectionBypass.cpp">
      <Filter>Source Files</Filter>
    </ClCompile>
    <ClCompile Include="src\user\cheat\player\GodMode.cpp">
      <Filter>Source Files</Filter>
    </ClCompile>
    <ClCompile Include="src\user\cheat\player\InfiniteStamina.cpp">
      <Filter>Source Files</Filter>
    </ClCompile>
    <ClCompile Include="src\user\cheat\player\NoCD.cpp">
      <Filter>Source Files</Filter>
    </ClCompile>
    <ClCompile Include="src\user\cheat\player\NoClip.cpp">
      <Filter>Source Files</Filter>
    </ClCompile>
    <ClCompile Include="src\user\cheat\player\RapidFire.cpp">
      <Filter>Source Files</Filter>
    </ClCompile>
    <ClCompile Include="src\user\cheat\teleport\ChestTeleport.cpp">
      <Filter>Source Files</Filter>
    </ClCompile>
    <ClCompile Include="src\user\cheat\teleport\ItemTeleportBase.cpp">
      <Filter>Source Files</Filter>
    </ClCompile>
    <ClCompile Include="src\user\cheat\teleport\MapTeleport.cpp">
      <Filter>Source Files</Filter>
    </ClCompile>
    <ClCompile Include="src\user\cheat\teleport\OculiTeleport.cpp">
      <Filter>Source Files</Filter>
    </ClCompile>
    <ClCompile Include="src\user\cheat\world\AutoLoot.cpp">
      <Filter>Source Files</Filter>
    </ClCompile>
    <ClCompile Include="src\user\cheat\world\DialogSkip.cpp">
      <Filter>Source Files</Filter>
    </ClCompile>
    <ClCompile Include="src\user\cheat\world\DumbEnemies.cpp">
      <Filter>Source Files</Filter>
    </ClCompile>
    <ClCompile Include="src\user\cheat\world\KillAura.cpp">
      <Filter>Source Files</Filter>
    </ClCompile>
    <ClCompile Include="src\user\cheat\world\MobVacuum.cpp">
      <Filter>Source Files</Filter>
    </ClCompile>
    <ClCompile Include="src\user\cheat\cheat.cpp">
      <Filter>Source Files</Filter>
    </ClCompile>
    <ClCompile Include="src\user\cheat\events.cpp">
      <Filter>Source Files</Filter>
    </ClCompile>
    <ClCompile Include="src\user\cheat\ILPatternScanner.cpp">
      <Filter>Source Files</Filter>
    </ClCompile>
    <ClCompile Include="src\user\cheat\native.cpp">
      <Filter>Source Files</Filter>
    </ClCompile>
    <ClCompile Include="src\user\main.cpp">
      <Filter>Source Files</Filter>
    </ClCompile>
    <ClCompile Include="src\user\cheat\world\AutoTreeFarm.cpp">
      <Filter>Source Files</Filter>
    </ClCompile>
    <ClCompile Include="src\user\cheat\world\AutoDestroy.cpp">
      <Filter>Source Files</Filter>
    </ClCompile>
    <ClCompile Include="src\user\cheat\esp\ESP.cpp">
      <Filter>Source Files</Filter>
    </ClCompile>
    <ClCompile Include="src\user\cheat\esp\ESPRender.cpp">
      <Filter>Source Files</Filter>
    </ClCompile>
    <ClCompile Include="src\user\cheat\game\Entity.cpp">
      <Filter>Source Files</Filter>
    </ClCompile>
    <ClCompile Include="src\user\cheat\game\Chest.cpp">
      <Filter>Source Files</Filter>
    </ClCompile>
    <ClCompile Include="src\user\cheat\game\EntityManager.cpp">
      <Filter>Source Files</Filter>
    </ClCompile>
    <ClCompile Include="src\user\cheat\game\CacheFilterExecutor.cpp">
      <Filter>Source Files</Filter>
    </ClCompile>
    <ClCompile Include="src\user\cheat\game\SimpleFilter.cpp">
      <Filter>Source Files</Filter>
    </ClCompile>
    <ClCompile Include="src\user\cheat\game\util.cpp">
      <Filter>Source Files</Filter>
    </ClCompile>
    <ClCompile Include="src\user\cheat\game\filters.cpp">
      <Filter>Source Files</Filter>
    </ClCompile>
    <ClCompile Include="src\user\cheat\game\ChestFilter.cpp">
      <Filter>Source Files</Filter>
    </ClCompile>
    <ClCompile Include="src\user\cheat\imap\InteractiveMap.cpp">
      <Filter>Source Files</Filter>
    </ClCompile>
    <ClCompile Include="src\user\cheat\world\ElementalSight.cpp">
      <Filter>Source Files</Filter>
    </ClCompile>
    <ClCompile Include="src\user\cheat\world\AutoFish.cpp">
      <Filter>Source Files</Filter>
    </ClCompile>
    <ClCompile Include="src\user\cheat\GenshinCM.cpp">
      <Filter>Source Files</Filter>
    </ClCompile>
    <ClCompile Include="src\user\cheat\teleport\CustomTeleports.cpp">
      <Filter>Source Files</Filter>
    </ClCompile>
    <ClCompile Include="src\user\cheat\visuals\FPSUnlock.cpp">
      <Filter>Source Files</Filter>
    </ClCompile>
    <ClCompile Include="src\user\cheat\visuals\NoFog.cpp">
      <Filter>Source Files</Filter>
    </ClCompile>
    <ClCompile Include="src\user\cheat\visuals\CameraZoom.cpp">
      <Filter>Source Files</Filter>
    </ClCompile>
    <ClCompile Include="src\user\cheat\misc\sniffer\messages\MessageBase.cpp">
      <Filter>Source Files</Filter>
    </ClCompile>
    <ClCompile Include="src\user\cheat\misc\sniffer\messages\MessageHeader.cpp">
      <Filter>Source Files</Filter>
    </ClCompile>
    <ClCompile Include="src\user\cheat\misc\sniffer\messages\ModifyData.cpp">
      <Filter>Source Files</Filter>
    </ClCompile>
    <ClCompile Include="src\user\cheat\misc\sniffer\messages\PacketData.cpp">
      <Filter>Source Files</Filter>
    </ClCompile>
    <ClCompile Include="src\user\cheat\misc\sniffer\MessageManager.cpp">
      <Filter>Source Files</Filter>
    </ClCompile>
    <ClCompile Include="src\user\cheat\visuals\ShowChestIndicator.cpp">
      <Filter>Source Files</Filter>
    </ClCompile>
    <ClCompile Include="src\user\cheat\world\AutoCook.cpp">
      <Filter>Source Files</Filter>
    </ClCompile>
    <ClCompile Include="src\user\cheat\debugger.cpp">
      <Filter>Source Files</Filter>
    </ClCompile>
    <ClCompile Include="src\user\cheat\world\FakeTime.cpp">
      <Filter>Source Files</Filter>
    </ClCompile>
    <ClCompile Include="src\user\cheat\visuals\ProfileChanger.cpp">
      <Filter>Source Files</Filter>
    </ClCompile>
    <ClCompile Include="src\user\cheat\visuals\PaimonFollow.cpp">
      <Filter>Source Files</Filter>
    </ClCompile>
    <ClCompile Include="src\user\cheat\visuals\HideUI.cpp">
      <Filter>Source Files</Filter>
    </ClCompile>
    <ClCompile Include="src\user\cheat\visuals\Browser.cpp">
      <Filter>Source Files</Filter>
    </ClCompile>
    <ClCompile Include="src\user\cheat\world\MusicEvent.cpp">
      <Filter>Source Files</Filter>
    </ClCompile>
    <ClCompile Include="src\user\cheat\visuals\EnablePeaking.cpp">
      <Filter>Source Files</Filter>
    </ClCompile>
    <ClCompile Include="src\user\cheat\visuals\TextureChanger.cpp">
      <Filter>Source Files</Filter>
    </ClCompile>
    <ClCompile Include="src\user\cheat\world\AutoSeelie.cpp">
      <Filter>Source Files</Filter>
    </ClCompile>
  </ItemGroup>
  <ItemGroup>
    <ResourceCompile Include="res\res.rc">
      <Filter>Resource Files</Filter>
    </ResourceCompile>
  </ItemGroup>
  <ItemGroup>
    <None Include="res\signatures.json" />
    <None Include="res\map_enkanomiya.json" />
    <None Include="res\map_teyvat.json" />
    <None Include="res\map_undeground_mines.json" />
    <None Include="res\assembly_checksum.json" />
  </ItemGroup>
  <ItemGroup>
    <Image Include="icons\Anemoculus.png">
      <Filter>Resource Files</Filter>
    </Image>
    <Image Include="res\icons\Anemoculus.png">
      <Filter>Resource Files</Filter>
    </Image>
    <Image Include="res\iconsHD\AbidingAngelfish.png">
      <Filter>Resource Files</Filter>
    </Image>
    <Image Include="res\iconsHD\AbyssHerald.png">
      <Filter>Resource Files</Filter>
    </Image>
    <Image Include="res\iconsHD\AbyssMage.png">
      <Filter>Resource Files</Filter>
    </Image>
    <Image Include="res\iconsHD\AdornedUnagi.png">
      <Filter>Resource Files</Filter>
    </Image>
    <Image Include="res\iconsHD\AizenMedaka.png">
      <Filter>Resource Files</Filter>
    </Image>
    <Image Include="res\iconsHD\AkaiMaou.png">
      <Filter>Resource Files</Filter>
    </Image>
    <Image Include="res\iconsHD\AmakumoFruit.png">
      <Filter>Resource Files</Filter>
    </Image>
    <Image Include="res\iconsHD\AmethystLump.png">
      <Filter>Resource Files</Filter>
    </Image>
    <Image Include="res\iconsHD\AncientRime.png">
      <Filter>Resource Files</Filter>
    </Image>
    <Image Include="res\iconsHD\AnemoCrystalfly.png">
      <Filter>Resource Files</Filter>
    </Image>
    <Image Include="res\iconsHD\Anemoculus.png">
      <Filter>Resource Files</Filter>
    </Image>
    <Image Include="res\iconsHD\AnemoHypostasis.png">
      <Filter>Resource Files</Filter>
    </Image>
    <Image Include="res\iconsHD\Apple.png">
      <Filter>Resource Files</Filter>
    </Image>
    <Image Include="res\iconsHD\AraliaWood.png">
      <Filter>Resource Files</Filter>
    </Image>
    <Image Include="res\iconsHD\ArchaicStone.png">
      <Filter>Resource Files</Filter>
    </Image>
    <Image Include="res\iconsHD\Artifact.png">
      <Filter>Resource Files</Filter>
    </Image>
    <Image Include="res\iconsHD\BakeDanuki.png">
      <Filter>Resource Files</Filter>
    </Image>
    <Image Include="res\iconsHD\BambooSegment.png">
      <Filter>Resource Files</Filter>
    </Image>
    <Image Include="res\iconsHD\BambooShoot.png">
      <Filter>Resource Files</Filter>
    </Image>
    <Image Include="res\iconsHD\BathysmalVishap.png">
      <Filter>Resource Files</Filter>
    </Image>
    <Image Include="res\iconsHD\BathysmalVishapHerd.png">
      <Filter>Resource Files</Filter>
    </Image>
    <Image Include="res\iconsHD\Berry.png">
      <Filter>Resource Files</Filter>
    </Image>
    <Image Include="res\iconsHD\Betta.png">
      <Filter>Resource Files</Filter>
    </Image>
    <Image Include="res\iconsHD\BirchWood.png">
      <Filter>Resource Files</Filter>
    </Image>
    <Image Include="res\iconsHD\BirdEgg.png">
      <Filter>Resource Files</Filter>
    </Image>
    <Image Include="res\iconsHD\BitterPufferfish.png">
      <Filter>Resource Files</Filter>
    </Image>
    <Image Include="res\iconsHD\BlackKingPigeon.png">
      <Filter>Resource Files</Filter>
    </Image>
    <Image Include="res\iconsHD\BloattyFloatty.png">
      <Filter>Resource Files</Filter>
    </Image>
    <Image Include="res\iconsHD\BlueFrog.png">
      <Filter>Resource Files</Filter>
    </Image>
    <Image Include="res\iconsHD\BlueHornedLizard.png">
      <Filter>Resource Files</Filter>
    </Image>
    <Image Include="res\iconsHD\BluethunderWeasel.png">
      <Filter>Resource Files</Filter>
    </Image>
    <Image Include="res\iconsHD\Book.png">
      <Filter>Resource Files</Filter>
    </Image>
    <Image Include="res\iconsHD\BootWeasel.png">
      <Filter>Resource Files</Filter>
    </Image>
    <Image Include="res\iconsHD\BrightcrownPigeon.png">
      <Filter>Resource Files</Filter>
    </Image>
    <Image Include="res\iconsHD\BrownShirakodai.png">
      <Filter>Resource Files</Filter>
    </Image>
    <Image Include="res\iconsHD\BuriedChest.png">
      <Filter>Resource Files</Filter>
    </Image>
    <Image Include="res\iconsHD\ButterflyWings.png">
      <Filter>Resource Files</Filter>
    </Image>
    <Image Include="res\iconsHD\CallaLily.png">
      <Filter>Resource Files</Filter>
    </Image>
    <Image Include="res\iconsHD\CampfireTorch.png">
      <Filter>Resource Files</Filter>
    </Image>
    <Image Include="res\iconsHD\Carrot.png">
      <Filter>Resource Files</Filter>
    </Image>
    <Image Include="res\iconsHD\Cecilia.png">
      <Filter>Resource Files</Filter>
    </Image>
    <Image Include="res\iconsHD\ChilledMeat.png">
      <Filter>Resource Files</Filter>
    </Image>
    <Image Include="res\iconsHD\CommonChest.png">
      <Filter>Resource Files</Filter>
    </Image>
    <Image Include="res\iconsHD\CookingIngredient.png">
      <Filter>Resource Files</Filter>
    </Image>
    <Image Include="res\iconsHD\CorLapis.png">
      <Filter>Resource Files</Filter>
    </Image>
    <Image Include="res\iconsHD\Crab.png">
      <Filter>Resource Files</Filter>
    </Image>
    <Image Include="res\iconsHD\CrimsonAgate.png">
      <Filter>Resource Files</Filter>
    </Image>
    <Image Include="res\iconsHD\CrimsonFinch.png">
      <Filter>Resource Files</Filter>
    </Image>
    <Image Include="res\iconsHD\CrimsonflankPigeon.png">
      <Filter>Resource Files</Filter>
    </Image>
    <Image Include="res\iconsHD\CrimsonFox.png">
      <Filter>Resource Files</Filter>
    </Image>
    <Image Include="res\iconsHD\Crow.png">
      <Filter>Resource Files</Filter>
    </Image>
    <Image Include="res\iconsHD\CryoCrystalfly.png">
      <Filter>Resource Files</Filter>
    </Image>
    <Image Include="res\iconsHD\CryoHypostasis.png">
      <Filter>Resource Files</Filter>
    </Image>
    <Image Include="res\iconsHD\CryoRegisvine.png">
      <Filter>Resource Files</Filter>
    </Image>
    <Image Include="res\iconsHD\CrystalChunk.png">
      <Filter>Resource Files</Filter>
    </Image>
    <Image Include="res\iconsHD\CrystalCore.png">
      <Filter>Resource Files</Filter>
    </Image>
    <Image Include="res\iconsHD\Crystalfish.png">
      <Filter>Resource Files</Filter>
    </Image>
    <Image Include="res\iconsHD\CrystalMarrow.png">
      <Filter>Resource Files</Filter>
    </Image>
    <Image Include="res\iconsHD\CubeDevices.png">
      <Filter>Resource Files</Filter>
    </Image>
    <Image Include="res\iconsHD\CuihuaWood.png">
      <Filter>Resource Files</Filter>
    </Image>
    <Image Include="res\iconsHD\DandelionSeed.png">
      <Filter>Resource Files</Filter>
    </Image>
    <Image Include="res\iconsHD\Dandy.png">
      <Filter>Resource Files</Filter>
    </Image>
    <Image Include="res\iconsHD\Dawncatcher.png">
      <Filter>Resource Files</Filter>
    </Image>
    <Image Include="res\iconsHD\DayNightSwitchingMechanism.png">
      <Filter>Resource Files</Filter>
    </Image>
    <Image Include="res\iconsHD\DeepSeaUnagi.png">
      <Filter>Resource Files</Filter>
    </Image>
    <Image Include="res\iconsHD\Dendrobium.png">
      <Filter>Resource Files</Filter>
    </Image>
    <Image Include="res\iconsHD\DivdaRay.png">
      <Filter>Resource Files</Filter>
    </Image>
    <Image Include="res\iconsHD\Domain.png">
      <Filter>Resource Files</Filter>
    </Image>
    <Image Include="res\iconsHD\EightStoneTablets.png">
      <Filter>Resource Files</Filter>
    </Image>
    <Image Include="res\iconsHD\ElectricConduction.png">
      <Filter>Resource Files</Filter>
    </Image>
    <Image Include="res\iconsHD\ElectroCrystal.png">
      <Filter>Resource Files</Filter>
    </Image>
    <Image Include="res\iconsHD\ElectroCrystalfly.png">
      <Filter>Resource Files</Filter>
    </Image>
    <Image Include="res\iconsHD\Electroculus.png">
      <Filter>Resource Files</Filter>
    </Image>
    <Image Include="res\iconsHD\Electrogranum.png">
      <Filter>Resource Files</Filter>
    </Image>
    <Image Include="res\iconsHD\ElectroHypostasis.png">
      <Filter>Resource Files</Filter>
    </Image>
    <Image Include="res\iconsHD\ElectroSeelie.png">
      <Filter>Resource Files</Filter>
    </Image>
    <Image Include="res\iconsHD\ElementalMonument.png">
      <Filter>Resource Files</Filter>
    </Image>
    <Image Include="res\iconsHD\EmeraldFinch.png">
      <Filter>Resource Files</Filter>
    </Image>
    <Image Include="res\iconsHD\EnemiesFirstTimeVictory.png">
      <Filter>Resource Files</Filter>
    </Image>
    <Image Include="res\iconsHD\EnkanomiyaPhaseGate.png">
      <Filter>Resource Files</Filter>
    </Image>
    <Image Include="res\iconsHD\ExquisiteChest.png">
      <Filter>Resource Files</Filter>
    </Image>
    <Image Include="res\iconsHD\EyeoftheStorm.png">
      <Filter>Resource Files</Filter>
    </Image>
    <Image Include="res\iconsHD\FatuiAgent.png">
      <Filter>Resource Files</Filter>
    </Image>
    <Image Include="res\iconsHD\FatuiCicinMage.png">
      <Filter>Resource Files</Filter>
    </Image>
    <Image Include="res\iconsHD\FatuiMirrorMaiden.png">
      <Filter>Resource Files</Filter>
    </Image>
    <Image Include="res\iconsHD\FatuiSkirmisher.png">
      <Filter>Resource Files</Filter>
    </Image>
    <Image Include="res\iconsHD\FirWood.png">
      <Filter>Resource Files</Filter>
    </Image>
    <Image Include="res\iconsHD\Fish.png">
      <Filter>Resource Files</Filter>
    </Image>
    <Image Include="res\iconsHD\FishingPoint.png">
      <Filter>Resource Files</Filter>
    </Image>
    <Image Include="res\iconsHD\FlamingFlowerStamen.png">
      <Filter>Resource Files</Filter>
    </Image>
    <Image Include="res\iconsHD\FloatingAnemoSlime.png">
      <Filter>Resource Files</Filter>
    </Image>
    <Image Include="res\iconsHD\FloatingHydroFungus.png">
      <Filter>Resource Files</Filter>
    </Image>
    <Image Include="res\iconsHD\FluorescentFungus.png">
      <Filter>Resource Files</Filter>
    </Image>
    <Image Include="res\iconsHD\FormaloRay.png">
      <Filter>Resource Files</Filter>
    </Image>
    <Image Include="res\iconsHD\Fowl.png">
      <Filter>Resource Files</Filter>
    </Image>
    <Image Include="res\iconsHD\FragrantCedarWood.png">
      <Filter>Resource Files</Filter>
    </Image>
    <Image Include="res\iconsHD\Frog.png">
      <Filter>Resource Files</Filter>
    </Image>
    <Image Include="res\iconsHD\FrostbearingTree.png">
      <Filter>Resource Files</Filter>
    </Image>
    <Image Include="res\iconsHD\GeneralCrab.png">
      <Filter>Resource Files</Filter>
    </Image>
    <Image Include="res\iconsHD\GeoCrystalfly.png">
      <Filter>Resource Files</Filter>
    </Image>
    <Image Include="res\iconsHD\Geoculus.png">
      <Filter>Resource Files</Filter>
    </Image>
    <Image Include="res\iconsHD\Geogranum.png">
      <Filter>Resource Files</Filter>
    </Image>
    <Image Include="res\iconsHD\GeoHypostasis.png">
      <Filter>Resource Files</Filter>
    </Image>
    <Image Include="res\iconsHD\GeoSigil.png">
      <Filter>Resource Files</Filter>
    </Image>
    <Image Include="res\iconsHD\Geovishap.png">
      <Filter>Resource Files</Filter>
    </Image>
    <Image Include="res\iconsHD\GeovishapHatchling.png">
      <Filter>Resource Files</Filter>
    </Image>
    <Image Include="res\iconsHD\GlazeLily.png">
      <Filter>Resource Files</Filter>
    </Image>
    <Image Include="res\iconsHD\GlazeMedaka.png">
      <Filter>Resource Files</Filter>
    </Image>
    <Image Include="res\iconsHD\GoldenCrab.png">
      <Filter>Resource Files</Filter>
    </Image>
    <Image Include="res\iconsHD\GoldenFinch.png">
      <Filter>Resource Files</Filter>
    </Image>
    <Image Include="res\iconsHD\GoldenKoi.png">
      <Filter>Resource Files</Filter>
    </Image>
    <Image Include="res\iconsHD\GoldenLoach.png">
      <Filter>Resource Files</Filter>
    </Image>
    <Image Include="res\iconsHD\GoldenWolflord.png">
      <Filter>Resource Files</Filter>
    </Image>
    <Image Include="res\iconsHD\GraySnowCat.png">
      <Filter>Resource Files</Filter>
    </Image>
    <Image Include="res\iconsHD\GraywingPigeon.png">
      <Filter>Resource Files</Filter>
    </Image>
    <Image Include="res\iconsHD\GreenHornedLizard.png">
      <Filter>Resource Files</Filter>
    </Image>
    <Image Include="res\iconsHD\HarvestablePlant.png">
      <Filter>Resource Files</Filter>
    </Image>
    <Image Include="res\iconsHD\Hilichurl.png">
      <Filter>Resource Files</Filter>
    </Image>
    <Image Include="res\iconsHD\HilichurlChieftain.png">
      <Filter>Resource Files</Filter>
    </Image>
    <Image Include="res\iconsHD\HilichurlShooter.png">
      <Filter>Resource Files</Filter>
    </Image>
    <Image Include="res\iconsHD\Horsetail.png">
      <Filter>Resource Files</Filter>
    </Image>
    <Image Include="res\iconsHD\HydroHypostasis.png">
      <Filter>Resource Files</Filter>
    </Image>
    <Image Include="res\iconsHD\Illusion.png">
      <Filter>Resource Files</Filter>
    </Image>
    <Image Include="res\iconsHD\InazumaShrineofDepths.png">
      <Filter>Resource Files</Filter>
    </Image>
    <Image Include="res\iconsHD\IronChunk.png">
      <Filter>Resource Files</Filter>
    </Image>
    <Image Include="res\iconsHD\JadeChamber.png">
      <Filter>Resource Files</Filter>
    </Image>
    <Image Include="res\iconsHD\JueyunChili.png">
      <Filter>Resource Files</Filter>
    </Image>
    <Image Include="res\iconsHD\KeySigilI.png">
      <Filter>Resource Files</Filter>
    </Image>
    <Image Include="res\iconsHD\KeySigilII.png">
      <Filter>Resource Files</Filter>
    </Image>
    <Image Include="res\iconsHD\KeySigilIII.png">
      <Filter>Resource Files</Filter>
    </Image>
    <Image Include="res\iconsHD\KeySigilIV.png">
      <Filter>Resource Files</Filter>
    </Image>
    <Image Include="res\iconsHD\KeySigilV.png">
      <Filter>Resource Files</Filter>
    </Image>
    <Image Include="res\iconsHD\KidKujirai.png">
      <Filter>Resource Files</Filter>
    </Image>
    <Image Include="res\iconsHD\Kitsune.png">
      <Filter>Resource Files</Filter>
    </Image>
    <Image Include="res\iconsHD\LargeRockPile.png">
      <Filter>Resource Files</Filter>
    </Image>
    <Image Include="res\iconsHD\LavenderMelon.png">
      <Filter>Resource Files</Filter>
    </Image>
    <Image Include="res\iconsHD\LightningStrikeProbe.png">
      <Filter>Resource Files</Filter>
    </Image>
    <Image Include="res\iconsHD\LightUpTilePuzzle.png">
      <Filter>Resource Files</Filter>
    </Image>
    <Image Include="res\iconsHD\Liyue.png">
      <Filter>Resource Files</Filter>
    </Image>
    <Image Include="res\iconsHD\LizardTail.png">
      <Filter>Resource Files</Filter>
    </Image>
    <Image Include="res\iconsHD\LoachPearl.png">
      <Filter>Resource Files</Filter>
    </Image>
    <Image Include="res\iconsHD\LotusHead.png">
      <Filter>Resource Files</Filter>
    </Image>
    <Image Include="res\iconsHD\LucklightFly.png">
      <Filter>Resource Files</Filter>
    </Image>
    <Image Include="res\iconsHD\Lumenlamp.png">
      <Filter>Resource Files</Filter>
    </Image>
    <Image Include="res\iconsHD\Lumenspar.png">
      <Filter>Resource Files</Filter>
    </Image>
    <Image Include="res\iconsHD\LuminescentSpine.png">
      <Filter>Resource Files</Filter>
    </Image>
    <Image Include="res\iconsHD\LungedStickleback.png">
      <Filter>Resource Files</Filter>
    </Image>
    <Image Include="res\iconsHD\LupusBoreasDominatorofWolves.png">
      <Filter>Resource Files</Filter>
    </Image>
    <Image Include="res\iconsHD\LuxuriousChest.png">
      <Filter>Resource Files</Filter>
    </Image>
    <Image Include="res\iconsHD\MagicalCrystalChunk.png">
      <Filter>Resource Files</Filter>
    </Image>
    <Image Include="res\iconsHD\MaguuKenki.png">
      <Filter>Resource Files</Filter>
    </Image>
    <Image Include="res\iconsHD\MapleWood.png">
      <Filter>Resource Files</Filter>
    </Image>
    <Image Include="res\iconsHD\MarrowLizard.png">
      <Filter>Resource Files</Filter>
    </Image>
    <Image Include="res\iconsHD\Matsutake.png">
      <Filter>Resource Files</Filter>
    </Image>
    <Image Include="res\iconsHD\Medaka.png">
      <Filter>Resource Files</Filter>
    </Image>
    <Image Include="res\iconsHD\Merchant.png">
      <Filter>Resource Files</Filter>
    </Image>
    <Image Include="res\iconsHD\MiniPuzzle.png">
      <Filter>Resource Files</Filter>
    </Image>
    <Image Include="res\iconsHD\Mint.png">
      <Filter>Resource Files</Filter>
    </Image>
    <Image Include="res\iconsHD\MistBubble.png">
      <Filter>Resource Files</Filter>
    </Image>
    <Image Include="res\iconsHD\MistFlowerCorolla.png">
      <Filter>Resource Files</Filter>
    </Image>
    <Image Include="res\iconsHD\Mitachurl.png">
      <Filter>Resource Files</Filter>
    </Image>
    <Image Include="res\iconsHD\Mondstadt.png">
      <Filter>Resource Files</Filter>
    </Image>
    <Image Include="res\iconsHD\Mora.png">
      <Filter>Resource Files</Filter>
    </Image>
    <Image Include="res\iconsHD\MudFrog.png">
      <Filter>Resource Files</Filter>
    </Image>
    <Image Include="res\iconsHD\Mushroom.png">
      <Filter>Resource Files</Filter>
    </Image>
    <Image Include="res\iconsHD\MysteriousCarvings.png">
      <Filter>Resource Files</Filter>
    </Image>
    <Image Include="res\iconsHD\NakuWeed.png">
      <Filter>Resource Files</Filter>
    </Image>
    <Image Include="res\iconsHD\Nobushi.png">
      <Filter>Resource Files</Filter>
    </Image>
    <Image Include="res\iconsHD\NoctilucousJade.png">
      <Filter>Resource Files</Filter>
    </Image>
    <Image Include="res\iconsHD\OceanCrab.png">
      <Filter>Resource Files</Filter>
    </Image>
    <Image Include="res\iconsHD\Oceanid.png">
      <Filter>Resource Files</Filter>
    </Image>
    <Image Include="res\iconsHD\Onikabuto.png">
      <Filter>Resource Files</Filter>
    </Image>
    <Image Include="res\iconsHD\Ores.png">
      <Filter>Resource Files</Filter>
    </Image>
    <Image Include="res\iconsHD\OtogiWood.png">
      <Filter>Resource Files</Filter>
    </Image>
    <Image Include="res\iconsHD\PaleRedCrab.png">
      <Filter>Resource Files</Filter>
    </Image>
    <Image Include="res\iconsHD\PerpetualMechanicalArray.png">
      <Filter>Resource Files</Filter>
    </Image>
    <Image Include="res\iconsHD\PhaseGate.png">
      <Filter>Resource Files</Filter>
    </Image>
    <Image Include="res\iconsHD\PhilanemoMushroom.png">
      <Filter>Resource Files</Filter>
    </Image>
    <Image Include="res\iconsHD\Pinecone.png">
      <Filter>Resource Files</Filter>
    </Image>
    <Image Include="res\iconsHD\PineWood.png">
      <Filter>Resource Files</Filter>
    </Image>
    <Image Include="res\iconsHD\PlacesofEssenceWorship.png">
      <Filter>Resource Files</Filter>
    </Image>
    <Image Include="res\iconsHD\Pot.png">
      <Filter>Resource Files</Filter>
    </Image>
    <Image Include="res\iconsHD\PreciousChest.png">
      <Filter>Resource Files</Filter>
    </Image>
    <Image Include="res\iconsHD\PressurePlate.png">
      <Filter>Resource Files</Filter>
    </Image>
    <Image Include="res\iconsHD\PrimoGeovishap.png">
      <Filter>Resource Files</Filter>
    </Image>
    <Image Include="res\iconsHD\Pufferfish.png">
      <Filter>Resource Files</Filter>
    </Image>
    <Image Include="res\iconsHD\PurpleShirakodai.png">
      <Filter>Resource Files</Filter>
    </Image>
    <Image Include="res\iconsHD\PyroHypostasis.png">
      <Filter>Resource Files</Filter>
    </Image>
    <Image Include="res\iconsHD\PyroRegisvine.png">
      <Filter>Resource Files</Filter>
    </Image>
    <Image Include="res\iconsHD\Qingxin.png">
      <Filter>Resource Files</Filter>
    </Image>
    <Image Include="res\iconsHD\RadiantSpincrystal.png">
      <Filter>Resource Files</Filter>
    </Image>
    <Image Include="res\iconsHD\Radish.png">
      <Filter>Resource Files</Filter>
    </Image>
    <Image Include="res\iconsHD\RaimeiAngelfish.png">
      <Filter>Resource Files</Filter>
    </Image>
    <Image Include="res\iconsHD\RawMeat.png">
      <Filter>Resource Files</Filter>
    </Image>
    <Image Include="res\iconsHD\Recipe.png">
      <Filter>Resource Files</Filter>
    </Image>
    <Image Include="res\iconsHD\RedFinnedUnagi.png">
      <Filter>Resource Files</Filter>
    </Image>
    <Image Include="res\iconsHD\RedHornedLizard.png">
      <Filter>Resource Files</Filter>
    </Image>
    <Image Include="res\iconsHD\RedTailedWeasel.png">
      <Filter>Resource Files</Filter>
    </Image>
    <Image Include="res\iconsHD\RemarkableChest.png">
      <Filter>Resource Files</Filter>
    </Image>
    <Image Include="res\iconsHD\RockPile.png">
      <Filter>Resource Files</Filter>
    </Image>
    <Image Include="res\iconsHD\RuinBrazier.png">
      <Filter>Resource Files</Filter>
    </Image>
    <Image Include="res\iconsHD\RuinGrader.png">
      <Filter>Resource Files</Filter>
    </Image>
    <Image Include="res\iconsHD\RuinGuard.png">
      <Filter>Resource Files</Filter>
    </Image>
    <Image Include="res\iconsHD\RuinHunter.png">
      <Filter>Resource Files</Filter>
    </Image>
    <Image Include="res\iconsHD\RuinSentinel.png">
      <Filter>Resource Files</Filter>
    </Image>
    <Image Include="res\iconsHD\RuinSerpent.png">
      <Filter>Resource Files</Filter>
    </Image>
    <Image Include="res\iconsHD\RustyKoi.png">
      <Filter>Resource Files</Filter>
    </Image>
    <Image Include="res\iconsHD\SacredSakura.png">
      <Filter>Resource Files</Filter>
    </Image>
    <Image Include="res\iconsHD\SakuraBloom.png">
      <Filter>Resource Files</Filter>
    </Image>
    <Image Include="res\iconsHD\Samachurl.png">
      <Filter>Resource Files</Filter>
    </Image>
    <Image Include="res\iconsHD\SandbearerWood.png">
      <Filter>Resource Files</Filter>
    </Image>
    <Image Include="res\iconsHD\SangoPearl.png">
      <Filter>Resource Files</Filter>
    </Image>
    <Image Include="res\iconsHD\Sapphire.png">
      <Filter>Resource Files</Filter>
    </Image>
    <Image Include="res\iconsHD\ScarletQuartz.png">
      <Filter>Resource Files</Filter>
    </Image>
    <Image Include="res\iconsHD\SeaGanoderma.png">
      <Filter>Resource Files</Filter>
    </Image>
    <Image Include="res\iconsHD\Seagrass.png">
      <Filter>Resource Files</Filter>
    </Image>
    <Image Include="res\iconsHD\SealedChest.png">
      <Filter>Resource Files</Filter>
    </Image>
    <Image Include="res\iconsHD\SealLocationII.png">
      <Filter>Resource Files</Filter>
    </Image>
    <Image Include="res\iconsHD\SealLocationIII.png">
      <Filter>Resource Files</Filter>
    </Image>
    <Image Include="res\iconsHD\SealLocationIV.png">
      <Filter>Resource Files</Filter>
    </Image>
    <Image Include="res\iconsHD\SealLocationV.png">
      <Filter>Resource Files</Filter>
    </Image>
    <Image Include="res\iconsHD\SealLocationI.png">
      <Filter>Resource Files</Filter>
    </Image>
    <Image Include="res\iconsHD\Seelie.png">
      <Filter>Resource Files</Filter>
    </Image>
    <Image Include="res\iconsHD\SeelieCourt.png">
      <Filter>Resource Files</Filter>
    </Image>
    <Image Include="res\iconsHD\ShadowyHusk.png">
      <Filter>Resource Files</Filter>
    </Image>
    <Image Include="res\iconsHD\SilkFlower.png">
      <Filter>Resource Files</Filter>
    </Image>
    <Image Include="res\iconsHD\Slime.png">
      <Filter>Resource Files</Filter>
    </Image>
    <Image Include="res\iconsHD\SmallLampGrass.png">
      <Filter>Resource Files</Filter>
    </Image>
    <Image Include="res\iconsHD\SmallRockPile.png">
      <Filter>Resource Files</Filter>
    </Image>
    <Image Include="res\iconsHD\SmashedStone.png">
      <Filter>Resource Files</Filter>
    </Image>
    <Image Include="res\iconsHD\Snapdragon.png">
      <Filter>Resource Files</Filter>
    </Image>
    <Image Include="res\iconsHD\Snowboar.png">
      <Filter>Resource Files</Filter>
    </Image>
    <Image Include="res\iconsHD\SnowFinch.png">
      <Filter>Resource Files</Filter>
    </Image>
    <Image Include="res\iconsHD\SnowFox.png">
      <Filter>Resource Files</Filter>
    </Image>
    <Image Include="res\iconsHD\Snowstrider.png">
      <Filter>Resource Files</Filter>
    </Image>
    <Image Include="res\iconsHD\SnowWeasel.png">
      <Filter>Resource Files</Filter>
    </Image>
    <Image Include="res\iconsHD\Specter.png">
      <Filter>Resource Files</Filter>
    </Image>
    <Image Include="res\iconsHD\Squirrel.png">
      <Filter>Resource Files</Filter>
    </Image>
    <Image Include="res\iconsHD\Starconch.png">
      <Filter>Resource Files</Filter>
    </Image>
    <Image Include="res\iconsHD\Starshroom.png">
      <Filter>Resource Files</Filter>
    </Image>
    <Image Include="res\iconsHD\Starsilver.png">
      <Filter>Resource Files</Filter>
    </Image>
    <Image Include="res\iconsHD\StatueofTheSeven.png">
      <Filter>Resource Files</Filter>
    </Image>
    <Image Include="res\iconsHD\StormBarrier.png">
      <Filter>Resource Files</Filter>
    </Image>
    <Image Include="res\iconsHD\Stormstone.png">
      <Filter>Resource Files</Filter>
    </Image>
    <Image Include="res\iconsHD\StrangeTooth.png">
      <Filter>Resource Files</Filter>
    </Image>
    <Image Include="res\iconsHD\SunCrab.png">
      <Filter>Resource Files</Filter>
    </Image>
    <Image Include="res\iconsHD\SunnyLoach.png">
      <Filter>Resource Files</Filter>
    </Image>
    <Image Include="res\iconsHD\SunsetLoach.png">
      <Filter>Resource Files</Filter>
    </Image>
    <Image Include="res\iconsHD\Sunsettia.png">
      <Filter>Resource Files</Filter>
    </Image>
    <Image Include="res\iconsHD\SweetFlower.png">
      <Filter>Resource Files</Filter>
    </Image>
    <Image Include="res\iconsHD\SweetFlowerMedaka.png">
      <Filter>Resource Files</Filter>
    </Image>
    <Image Include="res\iconsHD\SwordHilt.png">
      <Filter>Resource Files</Filter>
    </Image>
    <Image Include="res\iconsHD\TeaColoredShirakodai.png">
      <Filter>Resource Files</Filter>
    </Image>
    <Image Include="res\iconsHD\TeleportWaypoint.png">
      <Filter>Resource Files</Filter>
    </Image>
    <Image Include="res\iconsHD\TheCruxTheAlcor.png">
      <Filter>Resource Files</Filter>
    </Image>
    <Image Include="res\iconsHD\TheGreatSnowboarKing.png">
      <Filter>Resource Files</Filter>
    </Image>
    <Image Include="res\iconsHD\ThreeBoxes.png">
      <Filter>Resource Files</Filter>
    </Image>
    <Image Include="res\iconsHD\ThunderManifestation.png">
      <Filter>Resource Files</Filter>
    </Image>
    <Image Include="res\iconsHD\TimeTrialChallenge.png">
      <Filter>Resource Files</Filter>
    </Image>
    <Image Include="res\iconsHD\TorchPuzzle.png">
      <Filter>Resource Files</Filter>
    </Image>
    <Image Include="res\iconsHD\TreasureHoarder.png">
      <Filter>Resource Files</Filter>
    </Image>
    <Image Include="res\iconsHD\TriangularMechanism.png">
      <Filter>Resource Files</Filter>
    </Image>
    <Image Include="res\iconsHD\UnagiMeat.png">
      <Filter>Resource Files</Filter>
    </Image>
    <Image Include="res\iconsHD\UniqueRocks.png">
      <Filter>Resource Files</Filter>
    </Image>
    <Image Include="res\iconsHD\UnusualHilichurl.png">
      <Filter>Resource Files</Filter>
    </Image>
    <Image Include="res\iconsHD\Valberry.png">
      <Filter>Resource Files</Filter>
    </Image>
    <Image Include="res\iconsHD\VenomspineFish.png">
      <Filter>Resource Files</Filter>
    </Image>
    <Image Include="res\iconsHD\Viewpoint.png">
      <Filter>Resource Files</Filter>
    </Image>
    <Image Include="res\iconsHD\Violetgrass.png">
      <Filter>Resource Files</Filter>
    </Image>
    <Image Include="res\iconsHD\VioletIbis.png">
      <Filter>Resource Files</Filter>
    </Image>
    <Image Include="res\iconsHD\WarmingSeelie.png">
      <Filter>Resource Files</Filter>
    </Image>
    <Image Include="res\iconsHD\WaveriderWaypointCannotTeleport.png">
      <Filter>Resource Files</Filter>
    </Image>
    <Image Include="res\iconsHD\Weapon.png">
      <Filter>Resource Files</Filter>
    </Image>
    <Image Include="res\iconsHD\WhiteIronChunk.png">
      <Filter>Resource Files</Filter>
    </Image>
    <Image Include="res\iconsHD\WhitePigeon.png">
      <Filter>Resource Files</Filter>
    </Image>
    <Image Include="res\iconsHD\Whopperflower.png">
      <Filter>Resource Files</Filter>
    </Image>
    <Image Include="res\iconsHD\WindmillMechanism.png">
      <Filter>Resource Files</Filter>
    </Image>
    <Image Include="res\iconsHD\WindwheelAster.png">
      <Filter>Resource Files</Filter>
    </Image>
    <Image Include="res\iconsHD\Wolfhook.png">
      <Filter>Resource Files</Filter>
    </Image>
    <Image Include="res\iconsHD\WolvesoftheRift.png">
      <Filter>Resource Files</Filter>
    </Image>
    <Image Include="res\iconsHD\WoodenCrate.png">
      <Filter>Resource Files</Filter>
    </Image>
    <Image Include="res\iconsHD\WorldQuests.png">
      <Filter>Resource Files</Filter>
    </Image>
    <Image Include="res\iconsHD\YumemiruWood.png">
      <Filter>Resource Files</Filter>
    </Image>
    <Image Include="res\icons\AbidingAngelfish.png">
      <Filter>Resource Files</Filter>
    </Image>
    <Image Include="res\icons\AbyssHerald.png">
      <Filter>Resource Files</Filter>
    </Image>
    <Image Include="res\icons\AbyssMage.png">
      <Filter>Resource Files</Filter>
    </Image>
    <Image Include="res\icons\AdornedUnagi.png">
      <Filter>Resource Files</Filter>
    </Image>
    <Image Include="res\icons\AizenMedaka.png">
      <Filter>Resource Files</Filter>
    </Image>
    <Image Include="res\icons\AkaiMaou.png">
      <Filter>Resource Files</Filter>
    </Image>
    <Image Include="res\icons\AmakumoFruit.png">
      <Filter>Resource Files</Filter>
    </Image>
    <Image Include="res\icons\AmethystLump.png">
      <Filter>Resource Files</Filter>
    </Image>
    <Image Include="res\icons\AncientRime.png">
      <Filter>Resource Files</Filter>
    </Image>
    <Image Include="res\icons\AnemoCrystalfly.png">
      <Filter>Resource Files</Filter>
    </Image>
    <Image Include="res\icons\AnemoHypostasis.png">
      <Filter>Resource Files</Filter>
    </Image>
    <Image Include="res\icons\Apple.png">
      <Filter>Resource Files</Filter>
    </Image>
    <Image Include="res\icons\AraliaWood.png">
      <Filter>Resource Files</Filter>
    </Image>
    <Image Include="res\icons\ArchaicStone.png">
      <Filter>Resource Files</Filter>
    </Image>
    <Image Include="res\icons\Artifact.png">
      <Filter>Resource Files</Filter>
    </Image>
    <Image Include="res\icons\BakeDanuki.png">
      <Filter>Resource Files</Filter>
    </Image>
    <Image Include="res\icons\BambooSegment.png">
      <Filter>Resource Files</Filter>
    </Image>
    <Image Include="res\icons\BambooShoot.png">
      <Filter>Resource Files</Filter>
    </Image>
    <Image Include="res\icons\BathysmalVishap.png">
      <Filter>Resource Files</Filter>
    </Image>
    <Image Include="res\icons\BathysmalVishapHerd.png">
      <Filter>Resource Files</Filter>
    </Image>
    <Image Include="res\icons\Berry.png">
      <Filter>Resource Files</Filter>
    </Image>
    <Image Include="res\icons\Betta.png">
      <Filter>Resource Files</Filter>
    </Image>
    <Image Include="res\icons\BirchWood.png">
      <Filter>Resource Files</Filter>
    </Image>
    <Image Include="res\icons\BirdEgg.png">
      <Filter>Resource Files</Filter>
    </Image>
    <Image Include="res\icons\BitterPufferfish.png">
      <Filter>Resource Files</Filter>
    </Image>
    <Image Include="res\icons\BlackKingPigeon.png">
      <Filter>Resource Files</Filter>
    </Image>
    <Image Include="res\icons\BloattyFloatty.png">
      <Filter>Resource Files</Filter>
    </Image>
    <Image Include="res\icons\BlueFrog.png">
      <Filter>Resource Files</Filter>
    </Image>
    <Image Include="res\icons\BlueHornedLizard.png">
      <Filter>Resource Files</Filter>
    </Image>
    <Image Include="res\icons\BluethunderWeasel.png">
      <Filter>Resource Files</Filter>
    </Image>
    <Image Include="res\icons\Book.png">
      <Filter>Resource Files</Filter>
    </Image>
    <Image Include="res\icons\BootWeasel.png">
      <Filter>Resource Files</Filter>
    </Image>
    <Image Include="res\icons\BrightcrownPigeon.png">
      <Filter>Resource Files</Filter>
    </Image>
    <Image Include="res\icons\BrownShirakodai.png">
      <Filter>Resource Files</Filter>
    </Image>
    <Image Include="res\icons\BuriedChest.png">
      <Filter>Resource Files</Filter>
    </Image>
    <Image Include="res\icons\ButterflyWings.png">
      <Filter>Resource Files</Filter>
    </Image>
    <Image Include="res\icons\CallaLily.png">
      <Filter>Resource Files</Filter>
    </Image>
    <Image Include="res\icons\CampfireTorch.png">
      <Filter>Resource Files</Filter>
    </Image>
    <Image Include="res\icons\Carrot.png">
      <Filter>Resource Files</Filter>
    </Image>
    <Image Include="res\icons\Cecilia.png">
      <Filter>Resource Files</Filter>
    </Image>
    <Image Include="res\icons\ChilledMeat.png">
      <Filter>Resource Files</Filter>
    </Image>
    <Image Include="res\icons\CommonChest.png">
      <Filter>Resource Files</Filter>
    </Image>
    <Image Include="res\icons\CookingIngredient.png">
      <Filter>Resource Files</Filter>
    </Image>
    <Image Include="res\icons\CorLapis.png">
      <Filter>Resource Files</Filter>
    </Image>
    <Image Include="res\icons\Crab.png">
      <Filter>Resource Files</Filter>
    </Image>
    <Image Include="res\icons\CrimsonAgate.png">
      <Filter>Resource Files</Filter>
    </Image>
    <Image Include="res\icons\CrimsonFinch.png">
      <Filter>Resource Files</Filter>
    </Image>
    <Image Include="res\icons\CrimsonflankPigeon.png">
      <Filter>Resource Files</Filter>
    </Image>
    <Image Include="res\icons\CrimsonFox.png">
      <Filter>Resource Files</Filter>
    </Image>
    <Image Include="res\icons\Crow.png">
      <Filter>Resource Files</Filter>
    </Image>
    <Image Include="res\icons\CryoCrystalfly.png">
      <Filter>Resource Files</Filter>
    </Image>
    <Image Include="res\icons\CryoHypostasis.png">
      <Filter>Resource Files</Filter>
    </Image>
    <Image Include="res\icons\CryoRegisvine.png">
      <Filter>Resource Files</Filter>
    </Image>
    <Image Include="res\icons\CrystalChunk.png">
      <Filter>Resource Files</Filter>
    </Image>
    <Image Include="res\icons\CrystalCore.png">
      <Filter>Resource Files</Filter>
    </Image>
    <Image Include="res\icons\Crystalfish.png">
      <Filter>Resource Files</Filter>
    </Image>
    <Image Include="res\icons\CrystalMarrow.png">
      <Filter>Resource Files</Filter>
    </Image>
    <Image Include="res\icons\CubeDevices.png">
      <Filter>Resource Files</Filter>
    </Image>
    <Image Include="res\icons\CuihuaWood.png">
      <Filter>Resource Files</Filter>
    </Image>
    <Image Include="res\icons\DandelionSeed.png">
      <Filter>Resource Files</Filter>
    </Image>
    <Image Include="res\icons\Dandy.png">
      <Filter>Resource Files</Filter>
    </Image>
    <Image Include="res\icons\Dawncatcher.png">
      <Filter>Resource Files</Filter>
    </Image>
    <Image Include="res\icons\DayNightSwitchingMechanism.png">
      <Filter>Resource Files</Filter>
    </Image>
    <Image Include="res\icons\DeepSeaUnagi.png">
      <Filter>Resource Files</Filter>
    </Image>
    <Image Include="res\icons\Dendrobium.png">
      <Filter>Resource Files</Filter>
    </Image>
    <Image Include="res\icons\DivdaRay.png">
      <Filter>Resource Files</Filter>
    </Image>
    <Image Include="res\icons\Domain.png">
      <Filter>Resource Files</Filter>
    </Image>
    <Image Include="res\icons\EightStoneTablets.png">
      <Filter>Resource Files</Filter>
    </Image>
    <Image Include="res\icons\ElectricConduction.png">
      <Filter>Resource Files</Filter>
    </Image>
    <Image Include="res\icons\ElectroCrystal.png">
      <Filter>Resource Files</Filter>
    </Image>
    <Image Include="res\icons\ElectroCrystalfly.png">
      <Filter>Resource Files</Filter>
    </Image>
    <Image Include="res\icons\Electroculus.png">
      <Filter>Resource Files</Filter>
    </Image>
    <Image Include="res\icons\Electrogranum.png">
      <Filter>Resource Files</Filter>
    </Image>
    <Image Include="res\icons\ElectroHypostasis.png">
      <Filter>Resource Files</Filter>
    </Image>
    <Image Include="res\icons\ElectroSeelie.png">
      <Filter>Resource Files</Filter>
    </Image>
    <Image Include="res\icons\ElementalMonument.png">
      <Filter>Resource Files</Filter>
    </Image>
    <Image Include="res\icons\EmeraldFinch.png">
      <Filter>Resource Files</Filter>
    </Image>
    <Image Include="res\icons\EnemiesFirstTimeVictory.png">
      <Filter>Resource Files</Filter>
    </Image>
    <Image Include="res\icons\EnkanomiyaPhaseGate.png">
      <Filter>Resource Files</Filter>
    </Image>
    <Image Include="res\icons\ExquisiteChest.png">
      <Filter>Resource Files</Filter>
    </Image>
    <Image Include="res\icons\EyeoftheStorm.png">
      <Filter>Resource Files</Filter>
    </Image>
    <Image Include="res\icons\FatuiAgent.png">
      <Filter>Resource Files</Filter>
    </Image>
    <Image Include="res\icons\FatuiCicinMage.png">
      <Filter>Resource Files</Filter>
    </Image>
    <Image Include="res\icons\FatuiMirrorMaiden.png">
      <Filter>Resource Files</Filter>
    </Image>
    <Image Include="res\icons\FatuiSkirmisher.png">
      <Filter>Resource Files</Filter>
    </Image>
    <Image Include="res\icons\FirWood.png">
      <Filter>Resource Files</Filter>
    </Image>
    <Image Include="res\icons\Fish.png">
      <Filter>Resource Files</Filter>
    </Image>
    <Image Include="res\icons\FishingPoint.png">
      <Filter>Resource Files</Filter>
    </Image>
    <Image Include="res\icons\FlamingFlowerStamen.png">
      <Filter>Resource Files</Filter>
    </Image>
    <Image Include="res\icons\FloatingAnemoSlime.png">
      <Filter>Resource Files</Filter>
    </Image>
    <Image Include="res\icons\FloatingHydroFungus.png">
      <Filter>Resource Files</Filter>
    </Image>
    <Image Include="res\icons\FluorescentFungus.png">
      <Filter>Resource Files</Filter>
    </Image>
    <Image Include="res\icons\FormaloRay.png">
      <Filter>Resource Files</Filter>
    </Image>
    <Image Include="res\icons\Fowl.png">
      <Filter>Resource Files</Filter>
    </Image>
    <Image Include="res\icons\FragrantCedarWood.png">
      <Filter>Resource Files</Filter>
    </Image>
    <Image Include="res\icons\Frog.png">
      <Filter>Resource Files</Filter>
    </Image>
    <Image Include="res\icons\FrostbearingTree.png">
      <Filter>Resource Files</Filter>
    </Image>
    <Image Include="res\icons\GeneralCrab.png">
      <Filter>Resource Files</Filter>
    </Image>
    <Image Include="res\icons\GeoCrystalfly.png">
      <Filter>Resource Files</Filter>
    </Image>
    <Image Include="res\icons\Geoculus.png">
      <Filter>Resource Files</Filter>
    </Image>
    <Image Include="res\icons\Geogranum.png">
      <Filter>Resource Files</Filter>
    </Image>
    <Image Include="res\icons\GeoHypostasis.png">
      <Filter>Resource Files</Filter>
    </Image>
    <Image Include="res\icons\GeoSigil.png">
      <Filter>Resource Files</Filter>
    </Image>
    <Image Include="res\icons\Geovishap.png">
      <Filter>Resource Files</Filter>
    </Image>
    <Image Include="res\icons\GeovishapHatchling.png">
      <Filter>Resource Files</Filter>
    </Image>
    <Image Include="res\icons\GlazeLily.png">
      <Filter>Resource Files</Filter>
    </Image>
    <Image Include="res\icons\GlazeMedaka.png">
      <Filter>Resource Files</Filter>
    </Image>
    <Image Include="res\icons\GoldenCrab.png">
      <Filter>Resource Files</Filter>
    </Image>
    <Image Include="res\icons\GoldenFinch.png">
      <Filter>Resource Files</Filter>
    </Image>
    <Image Include="res\icons\GoldenKoi.png">
      <Filter>Resource Files</Filter>
    </Image>
    <Image Include="res\icons\GoldenLoach.png">
      <Filter>Resource Files</Filter>
    </Image>
    <Image Include="res\icons\GoldenWolflord.png">
      <Filter>Resource Files</Filter>
    </Image>
    <Image Include="res\icons\GraySnowCat.png">
      <Filter>Resource Files</Filter>
    </Image>
    <Image Include="res\icons\GraywingPigeon.png">
      <Filter>Resource Files</Filter>
    </Image>
    <Image Include="res\icons\GreenHornedLizard.png">
      <Filter>Resource Files</Filter>
    </Image>
    <Image Include="res\icons\HarvestablePlant.png">
      <Filter>Resource Files</Filter>
    </Image>
    <Image Include="res\icons\Hilichurl.png">
      <Filter>Resource Files</Filter>
    </Image>
    <Image Include="res\icons\HilichurlChieftain.png">
      <Filter>Resource Files</Filter>
    </Image>
    <Image Include="res\icons\HilichurlShooter.png">
      <Filter>Resource Files</Filter>
    </Image>
    <Image Include="res\icons\Horsetail.png">
      <Filter>Resource Files</Filter>
    </Image>
    <Image Include="res\icons\HydroHypostasis.png">
      <Filter>Resource Files</Filter>
    </Image>
    <Image Include="res\icons\Illusion.png">
      <Filter>Resource Files</Filter>
    </Image>
    <Image Include="res\icons\InazumaShrineofDepths.png">
      <Filter>Resource Files</Filter>
    </Image>
    <Image Include="res\icons\IronChunk.png">
      <Filter>Resource Files</Filter>
    </Image>
    <Image Include="res\icons\JadeChamber.png">
      <Filter>Resource Files</Filter>
    </Image>
    <Image Include="res\icons\JueyunChili.png">
      <Filter>Resource Files</Filter>
    </Image>
    <Image Include="res\icons\KeySigilI.png">
      <Filter>Resource Files</Filter>
    </Image>
    <Image Include="res\icons\KeySigilII.png">
      <Filter>Resource Files</Filter>
    </Image>
    <Image Include="res\icons\KeySigilIII.png">
      <Filter>Resource Files</Filter>
    </Image>
    <Image Include="res\icons\KeySigilIV.png">
      <Filter>Resource Files</Filter>
    </Image>
    <Image Include="res\icons\KeySigilV.png">
      <Filter>Resource Files</Filter>
    </Image>
    <Image Include="res\icons\KidKujirai.png">
      <Filter>Resource Files</Filter>
    </Image>
    <Image Include="res\icons\Kitsune.png">
      <Filter>Resource Files</Filter>
    </Image>
    <Image Include="res\icons\LargeRockPile.png">
      <Filter>Resource Files</Filter>
    </Image>
    <Image Include="res\icons\LavenderMelon.png">
      <Filter>Resource Files</Filter>
    </Image>
    <Image Include="res\icons\LightningStrikeProbe.png">
      <Filter>Resource Files</Filter>
    </Image>
    <Image Include="res\icons\LightUpTilePuzzle.png">
      <Filter>Resource Files</Filter>
    </Image>
    <Image Include="res\icons\Liyue.png">
      <Filter>Resource Files</Filter>
    </Image>
    <Image Include="res\icons\LizardTail.png">
      <Filter>Resource Files</Filter>
    </Image>
    <Image Include="res\icons\LoachPearl.png">
      <Filter>Resource Files</Filter>
    </Image>
    <Image Include="res\icons\LotusHead.png">
      <Filter>Resource Files</Filter>
    </Image>
    <Image Include="res\icons\LucklightFly.png">
      <Filter>Resource Files</Filter>
    </Image>
    <Image Include="res\icons\Lumenlamp.png">
      <Filter>Resource Files</Filter>
    </Image>
    <Image Include="res\icons\Lumenspar.png">
      <Filter>Resource Files</Filter>
    </Image>
    <Image Include="res\icons\LuminescentSpine.png">
      <Filter>Resource Files</Filter>
    </Image>
    <Image Include="res\icons\LungedStickleback.png">
      <Filter>Resource Files</Filter>
    </Image>
    <Image Include="res\icons\LupusBoreasDominatorofWolves.png">
      <Filter>Resource Files</Filter>
    </Image>
    <Image Include="res\icons\LuxuriousChest.png">
      <Filter>Resource Files</Filter>
    </Image>
    <Image Include="res\icons\MagicalCrystalChunk.png">
      <Filter>Resource Files</Filter>
    </Image>
    <Image Include="res\icons\MaguuKenki.png">
      <Filter>Resource Files</Filter>
    </Image>
    <Image Include="res\icons\MapleWood.png">
      <Filter>Resource Files</Filter>
    </Image>
    <Image Include="res\icons\MarrowLizard.png">
      <Filter>Resource Files</Filter>
    </Image>
    <Image Include="res\icons\Matsutake.png">
      <Filter>Resource Files</Filter>
    </Image>
    <Image Include="res\icons\Medaka.png">
      <Filter>Resource Files</Filter>
    </Image>
    <Image Include="res\icons\Merchant.png">
      <Filter>Resource Files</Filter>
    </Image>
    <Image Include="res\icons\MiniPuzzle.png">
      <Filter>Resource Files</Filter>
    </Image>
    <Image Include="res\icons\Mint.png">
      <Filter>Resource Files</Filter>
    </Image>
    <Image Include="res\icons\MistBubble.png">
      <Filter>Resource Files</Filter>
    </Image>
    <Image Include="res\icons\MistFlowerCorolla.png">
      <Filter>Resource Files</Filter>
    </Image>
    <Image Include="res\icons\Mitachurl.png">
      <Filter>Resource Files</Filter>
    </Image>
    <Image Include="res\icons\Mondstadt.png">
      <Filter>Resource Files</Filter>
    </Image>
    <Image Include="res\icons\Mora.png">
      <Filter>Resource Files</Filter>
    </Image>
    <Image Include="res\icons\MudFrog.png">
      <Filter>Resource Files</Filter>
    </Image>
    <Image Include="res\icons\Mushroom.png">
      <Filter>Resource Files</Filter>
    </Image>
    <Image Include="res\icons\MysteriousCarvings.png">
      <Filter>Resource Files</Filter>
    </Image>
    <Image Include="res\icons\NakuWeed.png">
      <Filter>Resource Files</Filter>
    </Image>
    <Image Include="res\icons\Nobushi.png">
      <Filter>Resource Files</Filter>
    </Image>
    <Image Include="res\icons\NoctilucousJade.png">
      <Filter>Resource Files</Filter>
    </Image>
    <Image Include="res\icons\OceanCrab.png">
      <Filter>Resource Files</Filter>
    </Image>
    <Image Include="res\icons\Oceanid.png">
      <Filter>Resource Files</Filter>
    </Image>
    <Image Include="res\icons\Onikabuto.png">
      <Filter>Resource Files</Filter>
    </Image>
    <Image Include="res\icons\Ores.png">
      <Filter>Resource Files</Filter>
    </Image>
    <Image Include="res\icons\OtogiWood.png">
      <Filter>Resource Files</Filter>
    </Image>
    <Image Include="res\icons\PaleRedCrab.png">
      <Filter>Resource Files</Filter>
    </Image>
    <Image Include="res\icons\PerpetualMechanicalArray.png">
      <Filter>Resource Files</Filter>
    </Image>
    <Image Include="res\icons\PhaseGate.png">
      <Filter>Resource Files</Filter>
    </Image>
    <Image Include="res\icons\PhilanemoMushroom.png">
      <Filter>Resource Files</Filter>
    </Image>
    <Image Include="res\icons\Pinecone.png">
      <Filter>Resource Files</Filter>
    </Image>
    <Image Include="res\icons\PineWood.png">
      <Filter>Resource Files</Filter>
    </Image>
    <Image Include="res\icons\PlacesofEssenceWorship.png">
      <Filter>Resource Files</Filter>
    </Image>
    <Image Include="res\icons\Pot.png">
      <Filter>Resource Files</Filter>
    </Image>
    <Image Include="res\icons\PreciousChest.png">
      <Filter>Resource Files</Filter>
    </Image>
    <Image Include="res\icons\PressurePlate.png">
      <Filter>Resource Files</Filter>
    </Image>
    <Image Include="res\icons\PrimoGeovishap.png">
      <Filter>Resource Files</Filter>
    </Image>
    <Image Include="res\icons\Pufferfish.png">
      <Filter>Resource Files</Filter>
    </Image>
    <Image Include="res\icons\PurpleShirakodai.png">
      <Filter>Resource Files</Filter>
    </Image>
    <Image Include="res\icons\PyroHypostasis.png">
      <Filter>Resource Files</Filter>
    </Image>
    <Image Include="res\icons\PyroRegisvine.png">
      <Filter>Resource Files</Filter>
    </Image>
    <Image Include="res\icons\Qingxin.png">
      <Filter>Resource Files</Filter>
    </Image>
    <Image Include="res\icons\RadiantSpincrystal.png">
      <Filter>Resource Files</Filter>
    </Image>
    <Image Include="res\icons\Radish.png">
      <Filter>Resource Files</Filter>
    </Image>
    <Image Include="res\icons\RaimeiAngelfish.png">
      <Filter>Resource Files</Filter>
    </Image>
    <Image Include="res\icons\RawMeat.png">
      <Filter>Resource Files</Filter>
    </Image>
    <Image Include="res\icons\Recipe.png">
      <Filter>Resource Files</Filter>
    </Image>
    <Image Include="res\icons\RedFinnedUnagi.png">
      <Filter>Resource Files</Filter>
    </Image>
    <Image Include="res\icons\RedHornedLizard.png">
      <Filter>Resource Files</Filter>
    </Image>
    <Image Include="res\icons\RedTailedWeasel.png">
      <Filter>Resource Files</Filter>
    </Image>
    <Image Include="res\icons\RemarkableChest.png">
      <Filter>Resource Files</Filter>
    </Image>
    <Image Include="res\icons\RockPile.png">
      <Filter>Resource Files</Filter>
    </Image>
    <Image Include="res\icons\RuinBrazier.png">
      <Filter>Resource Files</Filter>
    </Image>
    <Image Include="res\icons\RuinGrader.png">
      <Filter>Resource Files</Filter>
    </Image>
    <Image Include="res\icons\RuinGuard.png">
      <Filter>Resource Files</Filter>
    </Image>
    <Image Include="res\icons\RuinHunter.png">
      <Filter>Resource Files</Filter>
    </Image>
    <Image Include="res\icons\RuinSentinel.png">
      <Filter>Resource Files</Filter>
    </Image>
    <Image Include="res\icons\RuinSerpent.png">
      <Filter>Resource Files</Filter>
    </Image>
    <Image Include="res\icons\RustyKoi.png">
      <Filter>Resource Files</Filter>
    </Image>
    <Image Include="res\icons\SacredSakura.png">
      <Filter>Resource Files</Filter>
    </Image>
    <Image Include="res\icons\SakuraBloom.png">
      <Filter>Resource Files</Filter>
    </Image>
    <Image Include="res\icons\Samachurl.png">
      <Filter>Resource Files</Filter>
    </Image>
    <Image Include="res\icons\SandbearerWood.png">
      <Filter>Resource Files</Filter>
    </Image>
    <Image Include="res\icons\SangoPearl.png">
      <Filter>Resource Files</Filter>
    </Image>
    <Image Include="res\icons\Sapphire.png">
      <Filter>Resource Files</Filter>
    </Image>
    <Image Include="res\icons\ScarletQuartz.png">
      <Filter>Resource Files</Filter>
    </Image>
    <Image Include="res\icons\SeaGanoderma.png">
      <Filter>Resource Files</Filter>
    </Image>
    <Image Include="res\icons\Seagrass.png">
      <Filter>Resource Files</Filter>
    </Image>
    <Image Include="res\icons\SealedChest.png">
      <Filter>Resource Files</Filter>
    </Image>
    <Image Include="res\icons\SealLocationII.png">
      <Filter>Resource Files</Filter>
    </Image>
    <Image Include="res\icons\SealLocationIII.png">
      <Filter>Resource Files</Filter>
    </Image>
    <Image Include="res\icons\SealLocationIV.png">
      <Filter>Resource Files</Filter>
    </Image>
    <Image Include="res\icons\SealLocationV.png">
      <Filter>Resource Files</Filter>
    </Image>
    <Image Include="res\icons\SealLocationI.png">
      <Filter>Resource Files</Filter>
    </Image>
    <Image Include="res\icons\Seelie.png">
      <Filter>Resource Files</Filter>
    </Image>
    <Image Include="res\icons\SeelieCourt.png">
      <Filter>Resource Files</Filter>
    </Image>
    <Image Include="res\icons\ShadowyHusk.png">
      <Filter>Resource Files</Filter>
    </Image>
    <Image Include="res\icons\SilkFlower.png">
      <Filter>Resource Files</Filter>
    </Image>
    <Image Include="res\icons\Slime.png">
      <Filter>Resource Files</Filter>
    </Image>
    <Image Include="res\icons\SmallLampGrass.png">
      <Filter>Resource Files</Filter>
    </Image>
    <Image Include="res\icons\SmallRockPile.png">
      <Filter>Resource Files</Filter>
    </Image>
    <Image Include="res\icons\SmashedStone.png">
      <Filter>Resource Files</Filter>
    </Image>
    <Image Include="res\icons\Snapdragon.png">
      <Filter>Resource Files</Filter>
    </Image>
    <Image Include="res\icons\Snowboar.png">
      <Filter>Resource Files</Filter>
    </Image>
    <Image Include="res\icons\SnowFinch.png">
      <Filter>Resource Files</Filter>
    </Image>
    <Image Include="res\icons\SnowFox.png">
      <Filter>Resource Files</Filter>
    </Image>
    <Image Include="res\icons\Snowstrider.png">
      <Filter>Resource Files</Filter>
    </Image>
    <Image Include="res\icons\SnowWeasel.png">
      <Filter>Resource Files</Filter>
    </Image>
    <Image Include="res\icons\Specter.png">
      <Filter>Resource Files</Filter>
    </Image>
    <Image Include="res\icons\Squirrel.png">
      <Filter>Resource Files</Filter>
    </Image>
    <Image Include="res\icons\Starconch.png">
      <Filter>Resource Files</Filter>
    </Image>
    <Image Include="res\icons\Starshroom.png">
      <Filter>Resource Files</Filter>
    </Image>
    <Image Include="res\icons\Starsilver.png">
      <Filter>Resource Files</Filter>
    </Image>
    <Image Include="res\icons\StatueofTheSeven.png">
      <Filter>Resource Files</Filter>
    </Image>
    <Image Include="res\icons\StormBarrier.png">
      <Filter>Resource Files</Filter>
    </Image>
    <Image Include="res\icons\Stormstone.png">
      <Filter>Resource Files</Filter>
    </Image>
    <Image Include="res\icons\StrangeTooth.png">
      <Filter>Resource Files</Filter>
    </Image>
    <Image Include="res\icons\SunCrab.png">
      <Filter>Resource Files</Filter>
    </Image>
    <Image Include="res\icons\SunnyLoach.png">
      <Filter>Resource Files</Filter>
    </Image>
    <Image Include="res\icons\SunsetLoach.png">
      <Filter>Resource Files</Filter>
    </Image>
    <Image Include="res\icons\Sunsettia.png">
      <Filter>Resource Files</Filter>
    </Image>
    <Image Include="res\icons\SweetFlower.png">
      <Filter>Resource Files</Filter>
    </Image>
    <Image Include="res\icons\SweetFlowerMedaka.png">
      <Filter>Resource Files</Filter>
    </Image>
    <Image Include="res\icons\SwordHilt.png">
      <Filter>Resource Files</Filter>
    </Image>
    <Image Include="res\icons\TeaColoredShirakodai.png">
      <Filter>Resource Files</Filter>
    </Image>
    <Image Include="res\icons\TeleportWaypoint.png">
      <Filter>Resource Files</Filter>
    </Image>
    <Image Include="res\icons\TheCruxTheAlcor.png">
      <Filter>Resource Files</Filter>
    </Image>
    <Image Include="res\icons\TheGreatSnowboarKing.png">
      <Filter>Resource Files</Filter>
    </Image>
    <Image Include="res\icons\ThreeBoxes.png">
      <Filter>Resource Files</Filter>
    </Image>
    <Image Include="res\icons\ThunderManifestation.png">
      <Filter>Resource Files</Filter>
    </Image>
    <Image Include="res\icons\TimeTrialChallenge.png">
      <Filter>Resource Files</Filter>
    </Image>
    <Image Include="res\icons\TorchPuzzle.png">
      <Filter>Resource Files</Filter>
    </Image>
    <Image Include="res\icons\TreasureHoarder.png">
      <Filter>Resource Files</Filter>
    </Image>
    <Image Include="res\icons\TriangularMechanism.png">
      <Filter>Resource Files</Filter>
    </Image>
    <Image Include="res\icons\UnagiMeat.png">
      <Filter>Resource Files</Filter>
    </Image>
    <Image Include="res\icons\UniqueRocks.png">
      <Filter>Resource Files</Filter>
    </Image>
    <Image Include="res\icons\UnusualHilichurl.png">
      <Filter>Resource Files</Filter>
    </Image>
    <Image Include="res\icons\Valberry.png">
      <Filter>Resource Files</Filter>
    </Image>
    <Image Include="res\icons\VenomspineFish.png">
      <Filter>Resource Files</Filter>
    </Image>
    <Image Include="res\icons\Viewpoint.png">
      <Filter>Resource Files</Filter>
    </Image>
    <Image Include="res\icons\Violetgrass.png">
      <Filter>Resource Files</Filter>
    </Image>
    <Image Include="res\icons\VioletIbis.png">
      <Filter>Resource Files</Filter>
    </Image>
    <Image Include="res\icons\WarmingSeelie.png">
      <Filter>Resource Files</Filter>
    </Image>
    <Image Include="res\icons\WaveriderWaypointCannotTeleport.png">
      <Filter>Resource Files</Filter>
    </Image>
    <Image Include="res\icons\Weapon.png">
      <Filter>Resource Files</Filter>
    </Image>
    <Image Include="res\icons\WhiteIronChunk.png">
      <Filter>Resource Files</Filter>
    </Image>
    <Image Include="res\icons\WhitePigeon.png">
      <Filter>Resource Files</Filter>
    </Image>
    <Image Include="res\icons\Whopperflower.png">
      <Filter>Resource Files</Filter>
    </Image>
    <Image Include="res\icons\WindmillMechanism.png">
      <Filter>Resource Files</Filter>
    </Image>
    <Image Include="res\icons\WindwheelAster.png">
      <Filter>Resource Files</Filter>
    </Image>
    <Image Include="res\icons\Wolfhook.png">
      <Filter>Resource Files</Filter>
    </Image>
    <Image Include="res\icons\WolvesoftheRift.png">
      <Filter>Resource Files</Filter>
    </Image>
    <Image Include="res\icons\WoodenCrate.png">
      <Filter>Resource Files</Filter>
    </Image>
    <Image Include="res\icons\WorldQuests.png">
      <Filter>Resource Files</Filter>
    </Image>
    <Image Include="res\icons\YumemiruWood.png">
      <Filter>Resource Files</Filter>
    </Image>
  </ItemGroup>
</Project>